// !$*UTF8*$!
{
	archiveVersion = 1;
	classes = {
	};
	objectVersion = 46;
	objects = {

/* Begin PBXBuildFile section */
		EE1F88141F00BF1F00C8F4F1 /* TableViewCell.swift in Sources */ = {isa = PBXBuildFile; fileRef = EE1F88131F00BF1F00C8F4F1 /* TableViewCell.swift */; };
		EE1F881A1F00BF3700C8F4F1 /* TouristAttraction.swift in Sources */ = {isa = PBXBuildFile; fileRef = EE1F88151F00BF3700C8F4F1 /* TouristAttraction.swift */; };
		EE1F881B1F00BF3700C8F4F1 /* TouristAttractionAutocomplete.swift in Sources */ = {isa = PBXBuildFile; fileRef = EE1F88161F00BF3700C8F4F1 /* TouristAttractionAutocomplete.swift */; };
		EE1F881C1F00BF3700C8F4F1 /* TouristAttractionRank.swift in Sources */ = {isa = PBXBuildFile; fileRef = EE1F88171F00BF3700C8F4F1 /* TouristAttractionRank.swift */; };
		EE1F881D1F00BF3700C8F4F1 /* Traveller.swift in Sources */ = {isa = PBXBuildFile; fileRef = EE1F88181F00BF3700C8F4F1 /* Traveller.swift */; };
		EE1F881E1F00BF3700C8F4F1 /* Trip.swift in Sources */ = {isa = PBXBuildFile; fileRef = EE1F88191F00BF3700C8F4F1 /* Trip.swift */; };
		EE1F88291F00BF5800C8F4F1 /* AuthViewController.swift in Sources */ = {isa = PBXBuildFile; fileRef = EE1F881F1F00BF5800C8F4F1 /* AuthViewController.swift */; };
		EE1F882A1F00BF5800C8F4F1 /* BestRatedViewController.swift in Sources */ = {isa = PBXBuildFile; fileRef = EE1F88201F00BF5800C8F4F1 /* BestRatedViewController.swift */; };
		EE1F882B1F00BF5800C8F4F1 /* FriendsViewController.swift in Sources */ = {isa = PBXBuildFile; fileRef = EE1F88211F00BF5800C8F4F1 /* FriendsViewController.swift */; };
		EE1F882C1F00BF5800C8F4F1 /* HomeViewController.swift in Sources */ = {isa = PBXBuildFile; fileRef = EE1F88221F00BF5800C8F4F1 /* HomeViewController.swift */; };
		EE1F882D1F00BF5800C8F4F1 /* LoginViewController.swift in Sources */ = {isa = PBXBuildFile; fileRef = EE1F88231F00BF5800C8F4F1 /* LoginViewController.swift */; };
		EE1F882E1F00BF5800C8F4F1 /* MostVisitedViewController.swift in Sources */ = {isa = PBXBuildFile; fileRef = EE1F88241F00BF5800C8F4F1 /* MostVisitedViewController.swift */; };
		EE1F882F1F00BF5800C8F4F1 /* Shared.swift in Sources */ = {isa = PBXBuildFile; fileRef = EE1F88251F00BF5800C8F4F1 /* Shared.swift */; };
		EE1F88301F00BF5800C8F4F1 /* TouristAttractionFormViewController.swift in Sources */ = {isa = PBXBuildFile; fileRef = EE1F88261F00BF5800C8F4F1 /* TouristAttractionFormViewController.swift */; };
		EE1F88311F00BF5800C8F4F1 /* TripFormViewController.swift in Sources */ = {isa = PBXBuildFile; fileRef = EE1F88271F00BF5800C8F4F1 /* TripFormViewController.swift */; };
		EE1F88321F00BF5800C8F4F1 /* TripListViewController.swift in Sources */ = {isa = PBXBuildFile; fileRef = EE1F88281F00BF5800C8F4F1 /* TripListViewController.swift */; };
		EECD20F91EF10EC600FEDAE7 /* AppDelegate.swift in Sources */ = {isa = PBXBuildFile; fileRef = EECD20F81EF10EC600FEDAE7 /* AppDelegate.swift */; };
		EECD20FE1EF10EC600FEDAE7 /* Main.storyboard in Resources */ = {isa = PBXBuildFile; fileRef = EECD20FC1EF10EC600FEDAE7 /* Main.storyboard */; };
		EECD21001EF10EC600FEDAE7 /* Assets.xcassets in Resources */ = {isa = PBXBuildFile; fileRef = EECD20FF1EF10EC600FEDAE7 /* Assets.xcassets */; };
		EECD210E1EF10EC600FEDAE7 /* trapAdvisorTests.swift in Sources */ = {isa = PBXBuildFile; fileRef = EECD210D1EF10EC600FEDAE7 /* trapAdvisorTests.swift */; };
/* End PBXBuildFile section */

/* Begin PBXContainerItemProxy section */
		EECD210A1EF10EC600FEDAE7 /* PBXContainerItemProxy */ = {
			isa = PBXContainerItemProxy;
			containerPortal = EECD20ED1EF10EC600FEDAE7 /* Project object */;
			proxyType = 1;
			remoteGlobalIDString = EECD20F41EF10EC600FEDAE7;
			remoteInfo = trapAdvisor;
		};
/* End PBXContainerItemProxy section */

/* Begin PBXFileReference section */
		EE1F88131F00BF1F00C8F4F1 /* TableViewCell.swift */ = {isa = PBXFileReference; fileEncoding = 4; lastKnownFileType = sourcecode.swift; name = TableViewCell.swift; path = View/TableViewCell.swift; sourceTree = "<group>"; };
		EE1F88151F00BF3700C8F4F1 /* TouristAttraction.swift */ = {isa = PBXFileReference; fileEncoding = 4; lastKnownFileType = sourcecode.swift; name = TouristAttraction.swift; path = Model/TouristAttraction.swift; sourceTree = "<group>"; };
		EE1F88161F00BF3700C8F4F1 /* TouristAttractionAutocomplete.swift */ = {isa = PBXFileReference; fileEncoding = 4; lastKnownFileType = sourcecode.swift; name = TouristAttractionAutocomplete.swift; path = Model/TouristAttractionAutocomplete.swift; sourceTree = "<group>"; };
		EE1F88171F00BF3700C8F4F1 /* TouristAttractionRank.swift */ = {isa = PBXFileReference; fileEncoding = 4; lastKnownFileType = sourcecode.swift; name = TouristAttractionRank.swift; path = Model/TouristAttractionRank.swift; sourceTree = "<group>"; };
		EE1F88181F00BF3700C8F4F1 /* Traveller.swift */ = {isa = PBXFileReference; fileEncoding = 4; lastKnownFileType = sourcecode.swift; name = Traveller.swift; path = Model/Traveller.swift; sourceTree = "<group>"; };
		EE1F88191F00BF3700C8F4F1 /* Trip.swift */ = {isa = PBXFileReference; fileEncoding = 4; lastKnownFileType = sourcecode.swift; name = Trip.swift; path = Model/Trip.swift; sourceTree = "<group>"; };
		EE1F881F1F00BF5800C8F4F1 /* AuthViewController.swift */ = {isa = PBXFileReference; fileEncoding = 4; lastKnownFileType = sourcecode.swift; name = AuthViewController.swift; path = ViewController/AuthViewController.swift; sourceTree = "<group>"; };
		EE1F88201F00BF5800C8F4F1 /* BestRatedViewController.swift */ = {isa = PBXFileReference; fileEncoding = 4; lastKnownFileType = sourcecode.swift; name = BestRatedViewController.swift; path = ViewController/BestRatedViewController.swift; sourceTree = "<group>"; };
		EE1F88211F00BF5800C8F4F1 /* FriendsViewController.swift */ = {isa = PBXFileReference; fileEncoding = 4; lastKnownFileType = sourcecode.swift; name = FriendsViewController.swift; path = ViewController/FriendsViewController.swift; sourceTree = "<group>"; };
		EE1F88221F00BF5800C8F4F1 /* HomeViewController.swift */ = {isa = PBXFileReference; fileEncoding = 4; lastKnownFileType = sourcecode.swift; name = HomeViewController.swift; path = ViewController/HomeViewController.swift; sourceTree = "<group>"; };
		EE1F88231F00BF5800C8F4F1 /* LoginViewController.swift */ = {isa = PBXFileReference; fileEncoding = 4; lastKnownFileType = sourcecode.swift; name = LoginViewController.swift; path = ViewController/LoginViewController.swift; sourceTree = "<group>"; };
		EE1F88241F00BF5800C8F4F1 /* MostVisitedViewController.swift */ = {isa = PBXFileReference; fileEncoding = 4; lastKnownFileType = sourcecode.swift; name = MostVisitedViewController.swift; path = ViewController/MostVisitedViewController.swift; sourceTree = "<group>"; };
		EE1F88251F00BF5800C8F4F1 /* Shared.swift */ = {isa = PBXFileReference; fileEncoding = 4; lastKnownFileType = sourcecode.swift; name = Shared.swift; path = ViewController/Shared.swift; sourceTree = "<group>"; };
		EE1F88261F00BF5800C8F4F1 /* TouristAttractionFormViewController.swift */ = {isa = PBXFileReference; fileEncoding = 4; lastKnownFileType = sourcecode.swift; name = TouristAttractionFormViewController.swift; path = ViewController/TouristAttractionFormViewController.swift; sourceTree = "<group>"; };
		EE1F88271F00BF5800C8F4F1 /* TripFormViewController.swift */ = {isa = PBXFileReference; fileEncoding = 4; lastKnownFileType = sourcecode.swift; name = TripFormViewController.swift; path = ViewController/TripFormViewController.swift; sourceTree = "<group>"; };
		EE1F88281F00BF5800C8F4F1 /* TripListViewController.swift */ = {isa = PBXFileReference; fileEncoding = 4; lastKnownFileType = sourcecode.swift; name = TripListViewController.swift; path = ViewController/TripListViewController.swift; sourceTree = "<group>"; };
		EECD20F51EF10EC600FEDAE7 /* trapAdvisor.app */ = {isa = PBXFileReference; explicitFileType = wrapper.application; includeInIndex = 0; path = trapAdvisor.app; sourceTree = BUILT_PRODUCTS_DIR; };
		EECD20F81EF10EC600FEDAE7 /* AppDelegate.swift */ = {isa = PBXFileReference; lastKnownFileType = sourcecode.swift; path = AppDelegate.swift; sourceTree = "<group>"; };
		EECD20FD1EF10EC600FEDAE7 /* Base */ = {isa = PBXFileReference; lastKnownFileType = file.storyboard; name = Base; path = Base.lproj/Main.storyboard; sourceTree = "<group>"; };
		EECD20FF1EF10EC600FEDAE7 /* Assets.xcassets */ = {isa = PBXFileReference; lastKnownFileType = folder.assetcatalog; path = Assets.xcassets; sourceTree = "<group>"; };
		EECD21041EF10EC600FEDAE7 /* Info.plist */ = {isa = PBXFileReference; lastKnownFileType = text.plist.xml; path = Info.plist; sourceTree = "<group>"; };
		EECD21091EF10EC600FEDAE7 /* trapAdvisorTests.xctest */ = {isa = PBXFileReference; explicitFileType = wrapper.cfbundle; includeInIndex = 0; path = trapAdvisorTests.xctest; sourceTree = BUILT_PRODUCTS_DIR; };
		EECD210D1EF10EC600FEDAE7 /* trapAdvisorTests.swift */ = {isa = PBXFileReference; lastKnownFileType = sourcecode.swift; path = trapAdvisorTests.swift; sourceTree = "<group>"; };
		EECD210F1EF10EC600FEDAE7 /* Info.plist */ = {isa = PBXFileReference; lastKnownFileType = text.plist.xml; path = Info.plist; sourceTree = "<group>"; };
/* End PBXFileReference section */

/* Begin PBXFrameworksBuildPhase section */
		EECD20F21EF10EC600FEDAE7 /* Frameworks */ = {
			isa = PBXFrameworksBuildPhase;
			buildActionMask = 2147483647;
			files = (
			);
			runOnlyForDeploymentPostprocessing = 0;
		};
		EECD21061EF10EC600FEDAE7 /* Frameworks */ = {
			isa = PBXFrameworksBuildPhase;
			buildActionMask = 2147483647;
			files = (
			);
			runOnlyForDeploymentPostprocessing = 0;
		};
/* End PBXFrameworksBuildPhase section */

/* Begin PBXGroup section */
		EE1F88041EF8E7B600C8F4F1 /* Model */ = {
			isa = PBXGroup;
			children = (
				EE1F88151F00BF3700C8F4F1 /* TouristAttraction.swift */,
				EE1F88161F00BF3700C8F4F1 /* TouristAttractionAutocomplete.swift */,
				EE1F88171F00BF3700C8F4F1 /* TouristAttractionRank.swift */,
				EE1F88181F00BF3700C8F4F1 /* Traveller.swift */,
				EE1F88191F00BF3700C8F4F1 /* Trip.swift */,
			);
			name = Model;
			sourceTree = "<group>";
		};
		EE1F88051EF8E82400C8F4F1 /* ViewController */ = {
			isa = PBXGroup;
			children = (
				EE1F881F1F00BF5800C8F4F1 /* AuthViewController.swift */,
				EE1F88201F00BF5800C8F4F1 /* BestRatedViewController.swift */,
				EE1F88211F00BF5800C8F4F1 /* FriendsViewController.swift */,
				EE1F88221F00BF5800C8F4F1 /* HomeViewController.swift */,
				EE1F88231F00BF5800C8F4F1 /* LoginViewController.swift */,
				EE1F88241F00BF5800C8F4F1 /* MostVisitedViewController.swift */,
				EE1F88251F00BF5800C8F4F1 /* Shared.swift */,
				EE1F88261F00BF5800C8F4F1 /* TouristAttractionFormViewController.swift */,
				EE1F88271F00BF5800C8F4F1 /* TripFormViewController.swift */,
				EE1F88281F00BF5800C8F4F1 /* TripListViewController.swift */,
			);
			name = ViewController;
			sourceTree = "<group>";
		};
		EE1F88061EF8E8B800C8F4F1 /* View */ = {
			isa = PBXGroup;
			children = (
				EE1F88131F00BF1F00C8F4F1 /* TableViewCell.swift */,
			);
			name = View;
			sourceTree = "<group>";
		};
		EECD20EC1EF10EC600FEDAE7 = {
			isa = PBXGroup;
			children = (
				EECD20F71EF10EC600FEDAE7 /* trapAdvisor */,
				EECD210C1EF10EC600FEDAE7 /* trapAdvisorTests */,
				EECD20F61EF10EC600FEDAE7 /* Products */,
			);
			sourceTree = "<group>";
		};
		EECD20F61EF10EC600FEDAE7 /* Products */ = {
			isa = PBXGroup;
			children = (
				EECD20F51EF10EC600FEDAE7 /* trapAdvisor.app */,
				EECD21091EF10EC600FEDAE7 /* trapAdvisorTests.xctest */,
			);
			name = Products;
			sourceTree = "<group>";
		};
		EECD20F71EF10EC600FEDAE7 /* trapAdvisor */ = {
			isa = PBXGroup;
			children = (
				EE1F88041EF8E7B600C8F4F1 /* Model */,
				EE1F88061EF8E8B800C8F4F1 /* View */,
				EE1F88051EF8E82400C8F4F1 /* ViewController */,
				EECD20F81EF10EC600FEDAE7 /* AppDelegate.swift */,
				EECD20FF1EF10EC600FEDAE7 /* Assets.xcassets */,
				EECD20FC1EF10EC600FEDAE7 /* Main.storyboard */,
				EECD21041EF10EC600FEDAE7 /* Info.plist */,
			);
			path = trapAdvisor;
			sourceTree = "<group>";
		};
		EECD210C1EF10EC600FEDAE7 /* trapAdvisorTests */ = {
			isa = PBXGroup;
			children = (
				EECD210D1EF10EC600FEDAE7 /* trapAdvisorTests.swift */,
				EECD210F1EF10EC600FEDAE7 /* Info.plist */,
			);
			path = trapAdvisorTests;
			sourceTree = "<group>";
		};
/* End PBXGroup section */

/* Begin PBXNativeTarget section */
		EECD20F41EF10EC600FEDAE7 /* trapAdvisor */ = {
			isa = PBXNativeTarget;
			buildConfigurationList = EECD21121EF10EC600FEDAE7 /* Build configuration list for PBXNativeTarget "trapAdvisor" */;
			buildPhases = (
				EECD20F11EF10EC600FEDAE7 /* Sources */,
				EECD20F21EF10EC600FEDAE7 /* Frameworks */,
				EECD20F31EF10EC600FEDAE7 /* Resources */,
			);
			buildRules = (
			);
			dependencies = (
			);
			name = trapAdvisor;
			productName = trapAdvisor;
			productReference = EECD20F51EF10EC600FEDAE7 /* trapAdvisor.app */;
			productType = "com.apple.product-type.application";
		};
		EECD21081EF10EC600FEDAE7 /* trapAdvisorTests */ = {
			isa = PBXNativeTarget;
			buildConfigurationList = EECD21151EF10EC600FEDAE7 /* Build configuration list for PBXNativeTarget "trapAdvisorTests" */;
			buildPhases = (
				EECD21051EF10EC600FEDAE7 /* Sources */,
				EECD21061EF10EC600FEDAE7 /* Frameworks */,
				EECD21071EF10EC600FEDAE7 /* Resources */,
			);
			buildRules = (
			);
			dependencies = (
				EECD210B1EF10EC600FEDAE7 /* PBXTargetDependency */,
			);
			name = trapAdvisorTests;
			productName = trapAdvisorTests;
			productReference = EECD21091EF10EC600FEDAE7 /* trapAdvisorTests.xctest */;
			productType = "com.apple.product-type.bundle.unit-test";
		};
/* End PBXNativeTarget section */

/* Begin PBXProject section */
		EECD20ED1EF10EC600FEDAE7 /* Project object */ = {
			isa = PBXProject;
			attributes = {
				KnownAssetTags = (
					startDate,
				);
				LastSwiftUpdateCheck = 0830;
				LastUpgradeCheck = 0830;
				ORGANIZATIONNAME = "Victor Springer";
				TargetAttributes = {
					EECD20F41EF10EC600FEDAE7 = {
						CreatedOnToolsVersion = 8.3.2;
						DevelopmentTeam = R9W6N8BR92;
						ProvisioningStyle = Automatic;
					};
					EECD21081EF10EC600FEDAE7 = {
						CreatedOnToolsVersion = 8.3.2;
						ProvisioningStyle = Automatic;
						TestTargetID = EECD20F41EF10EC600FEDAE7;
					};
				};
			};
			buildConfigurationList = EECD20F01EF10EC600FEDAE7 /* Build configuration list for PBXProject "trapAdvisor" */;
			compatibilityVersion = "Xcode 3.2";
			developmentRegion = English;
			hasScannedForEncodings = 0;
			knownRegions = (
				en,
				Base,
			);
			mainGroup = EECD20EC1EF10EC600FEDAE7;
			productRefGroup = EECD20F61EF10EC600FEDAE7 /* Products */;
			projectDirPath = "";
			projectRoot = "";
			targets = (
				EECD20F41EF10EC600FEDAE7 /* trapAdvisor */,
				EECD21081EF10EC600FEDAE7 /* trapAdvisorTests */,
			);
		};
/* End PBXProject section */

/* Begin PBXResourcesBuildPhase section */
		EECD20F31EF10EC600FEDAE7 /* Resources */ = {
			isa = PBXResourcesBuildPhase;
			buildActionMask = 2147483647;
			files = (
				EECD21001EF10EC600FEDAE7 /* Assets.xcassets in Resources */,
				EECD20FE1EF10EC600FEDAE7 /* Main.storyboard in Resources */,
			);
			runOnlyForDeploymentPostprocessing = 0;
		};
		EECD21071EF10EC600FEDAE7 /* Resources */ = {
			isa = PBXResourcesBuildPhase;
			buildActionMask = 2147483647;
			files = (
			);
			runOnlyForDeploymentPostprocessing = 0;
		};
/* End PBXResourcesBuildPhase section */

/* Begin PBXSourcesBuildPhase section */
		EECD20F11EF10EC600FEDAE7 /* Sources */ = {
			isa = PBXSourcesBuildPhase;
			buildActionMask = 2147483647;
			files = (
				EE1F881E1F00BF3700C8F4F1 /* Trip.swift in Sources */,
				EE1F881B1F00BF3700C8F4F1 /* TouristAttractionAutocomplete.swift in Sources */,
				EE1F88141F00BF1F00C8F4F1 /* TableViewCell.swift in Sources */,
				EE1F882C1F00BF5800C8F4F1 /* HomeViewController.swift in Sources */,
				EE1F882F1F00BF5800C8F4F1 /* Shared.swift in Sources */,
				EECD20F91EF10EC600FEDAE7 /* AppDelegate.swift in Sources */,
				EE1F882A1F00BF5800C8F4F1 /* BestRatedViewController.swift in Sources */,
				EE1F882E1F00BF5800C8F4F1 /* MostVisitedViewController.swift in Sources */,
				EE1F882D1F00BF5800C8F4F1 /* LoginViewController.swift in Sources */,
				EE1F88301F00BF5800C8F4F1 /* TouristAttractionFormViewController.swift in Sources */,
				EE1F881D1F00BF3700C8F4F1 /* Traveller.swift in Sources */,
				EE1F88321F00BF5800C8F4F1 /* TripListViewController.swift in Sources */,
				EE1F881C1F00BF3700C8F4F1 /* TouristAttractionRank.swift in Sources */,
				EE1F882B1F00BF5800C8F4F1 /* FriendsViewController.swift in Sources */,
				EE1F881A1F00BF3700C8F4F1 /* TouristAttraction.swift in Sources */,
				EE1F88291F00BF5800C8F4F1 /* AuthViewController.swift in Sources */,
				EE1F88311F00BF5800C8F4F1 /* TripFormViewController.swift in Sources */,
			);
			runOnlyForDeploymentPostprocessing = 0;
		};
		EECD21051EF10EC600FEDAE7 /* Sources */ = {
			isa = PBXSourcesBuildPhase;
			buildActionMask = 2147483647;
			files = (
				EECD210E1EF10EC600FEDAE7 /* trapAdvisorTests.swift in Sources */,
			);
			runOnlyForDeploymentPostprocessing = 0;
		};
/* End PBXSourcesBuildPhase section */

/* Begin PBXTargetDependency section */
		EECD210B1EF10EC600FEDAE7 /* PBXTargetDependency */ = {
			isa = PBXTargetDependency;
			target = EECD20F41EF10EC600FEDAE7 /* trapAdvisor */;
			targetProxy = EECD210A1EF10EC600FEDAE7 /* PBXContainerItemProxy */;
		};
/* End PBXTargetDependency section */

/* Begin PBXVariantGroup section */
		EECD20FC1EF10EC600FEDAE7 /* Main.storyboard */ = {
			isa = PBXVariantGroup;
			children = (
				EECD20FD1EF10EC600FEDAE7 /* Base */,
			);
			name = Main.storyboard;
			sourceTree = "<group>";
		};
/* End PBXVariantGroup section */

/* Begin XCBuildConfiguration section */
		EECD21101EF10EC600FEDAE7 /* Debug */ = {
			isa = XCBuildConfiguration;
			buildSettings = {
				ALWAYS_SEARCH_USER_PATHS = NO;
				CLANG_ANALYZER_NONNULL = YES;
				CLANG_ANALYZER_NUMBER_OBJECT_CONVERSION = YES_AGGRESSIVE;
				CLANG_CXX_LANGUAGE_STANDARD = "gnu++0x";
				CLANG_CXX_LIBRARY = "libc++";
				CLANG_ENABLE_MODULES = YES;
				CLANG_ENABLE_OBJC_ARC = YES;
				CLANG_WARN_BOOL_CONVERSION = YES;
				CLANG_WARN_CONSTANT_CONVERSION = YES;
				CLANG_WARN_DIRECT_OBJC_ISA_USAGE = YES_ERROR;
				CLANG_WARN_DOCUMENTATION_COMMENTS = YES;
				CLANG_WARN_EMPTY_BODY = YES;
				CLANG_WARN_ENUM_CONVERSION = YES;
				CLANG_WARN_INFINITE_RECURSION = YES;
				CLANG_WARN_INT_CONVERSION = YES;
				CLANG_WARN_OBJC_ROOT_CLASS = YES_ERROR;
				CLANG_WARN_SUSPICIOUS_MOVE = YES;
				CLANG_WARN_UNREACHABLE_CODE = YES;
				CLANG_WARN__DUPLICATE_METHOD_MATCH = YES;
				"CODE_SIGN_IDENTITY[sdk=iphoneos*]" = "iPhone Developer";
				COPY_PHASE_STRIP = NO;
				DEBUG_INFORMATION_FORMAT = dwarf;
				ENABLE_STRICT_OBJC_MSGSEND = YES;
				ENABLE_TESTABILITY = YES;
				GCC_C_LANGUAGE_STANDARD = gnu99;
				GCC_DYNAMIC_NO_PIC = NO;
				GCC_NO_COMMON_BLOCKS = YES;
				GCC_OPTIMIZATION_LEVEL = 0;
				GCC_PREPROCESSOR_DEFINITIONS = (
					"DEBUG=1",
					"$(inherited)",
				);
				GCC_WARN_64_TO_32_BIT_CONVERSION = YES;
				GCC_WARN_ABOUT_RETURN_TYPE = YES_ERROR;
				GCC_WARN_UNDECLARED_SELECTOR = YES;
				GCC_WARN_UNINITIALIZED_AUTOS = YES_AGGRESSIVE;
				GCC_WARN_UNUSED_FUNCTION = YES;
				GCC_WARN_UNUSED_VARIABLE = YES;
				IPHONEOS_DEPLOYMENT_TARGET = 10.3;
				MTL_ENABLE_DEBUG_INFO = YES;
				ONLY_ACTIVE_ARCH = YES;
				SDKROOT = iphoneos;
				SWIFT_ACTIVE_COMPILATION_CONDITIONS = DEBUG;
				SWIFT_OPTIMIZATION_LEVEL = "-Onone";
				TARGETED_DEVICE_FAMILY = "1,2";
			};
			name = Debug;
		};
		EECD21111EF10EC600FEDAE7 /* Release */ = {
			isa = XCBuildConfiguration;
			buildSettings = {
				ALWAYS_SEARCH_USER_PATHS = NO;
				CLANG_ANALYZER_NONNULL = YES;
				CLANG_ANALYZER_NUMBER_OBJECT_CONVERSION = YES_AGGRESSIVE;
				CLANG_CXX_LANGUAGE_STANDARD = "gnu++0x";
				CLANG_CXX_LIBRARY = "libc++";
				CLANG_ENABLE_MODULES = YES;
				CLANG_ENABLE_OBJC_ARC = YES;
				CLANG_WARN_BOOL_CONVERSION = YES;
				CLANG_WARN_CONSTANT_CONVERSION = YES;
				CLANG_WARN_DIRECT_OBJC_ISA_USAGE = YES_ERROR;
				CLANG_WARN_DOCUMENTATION_COMMENTS = YES;
				CLANG_WARN_EMPTY_BODY = YES;
				CLANG_WARN_ENUM_CONVERSION = YES;
				CLANG_WARN_INFINITE_RECURSION = YES;
				CLANG_WARN_INT_CONVERSION = YES;
				CLANG_WARN_OBJC_ROOT_CLASS = YES_ERROR;
				CLANG_WARN_SUSPICIOUS_MOVE = YES;
				CLANG_WARN_UNREACHABLE_CODE = YES;
				CLANG_WARN__DUPLICATE_METHOD_MATCH = YES;
				"CODE_SIGN_IDENTITY[sdk=iphoneos*]" = "iPhone Developer";
				COPY_PHASE_STRIP = NO;
				DEBUG_INFORMATION_FORMAT = "dwarf-with-dsym";
				ENABLE_NS_ASSERTIONS = NO;
				ENABLE_STRICT_OBJC_MSGSEND = YES;
				GCC_C_LANGUAGE_STANDARD = gnu99;
				GCC_NO_COMMON_BLOCKS = YES;
				GCC_WARN_64_TO_32_BIT_CONVERSION = YES;
				GCC_WARN_ABOUT_RETURN_TYPE = YES_ERROR;
				GCC_WARN_UNDECLARED_SELECTOR = YES;
				GCC_WARN_UNINITIALIZED_AUTOS = YES_AGGRESSIVE;
				GCC_WARN_UNUSED_FUNCTION = YES;
				GCC_WARN_UNUSED_VARIABLE = YES;
				IPHONEOS_DEPLOYMENT_TARGET = 10.3;
				MTL_ENABLE_DEBUG_INFO = NO;
				SDKROOT = iphoneos;
				SWIFT_OPTIMIZATION_LEVEL = "-Owholemodule";
				TARGETED_DEVICE_FAMILY = "1,2";
				VALIDATE_PRODUCT = YES;
			};
			name = Release;
		};
		EECD21131EF10EC600FEDAE7 /* Debug */ = {
			isa = XCBuildConfiguration;
			buildSettings = {
				ASSETCATALOG_COMPILER_APPICON_NAME = AppIcon;
				DEVELOPMENT_TEAM = R9W6N8BR92;
				INFOPLIST_FILE = trapAdvisor/Info.plist;
				IPHONEOS_DEPLOYMENT_TARGET = 10.3;
				LD_RUNPATH_SEARCH_PATHS = "$(inherited) @executable_path/Frameworks";
				PRODUCT_BUNDLE_IDENTIFIER = Springer.trapAdvisor;
				PRODUCT_NAME = "$(TARGET_NAME)";
				SWIFT_VERSION = 3.0;
			};
			name = Debug;
		};
		EECD21141EF10EC600FEDAE7 /* Release */ = {
			isa = XCBuildConfiguration;
			buildSettings = {
				ASSETCATALOG_COMPILER_APPICON_NAME = AppIcon;
				DEVELOPMENT_TEAM = R9W6N8BR92;
				INFOPLIST_FILE = trapAdvisor/Info.plist;
				IPHONEOS_DEPLOYMENT_TARGET = 10.3;
				LD_RUNPATH_SEARCH_PATHS = "$(inherited) @executable_path/Frameworks";
				PRODUCT_BUNDLE_IDENTIFIER = Springer.trapAdvisor;
				PRODUCT_NAME = "$(TARGET_NAME)";
				SWIFT_VERSION = 3.0;
			};
			name = Release;
		};
		EECD21161EF10EC600FEDAE7 /* Debug */ = {
			isa = XCBuildConfiguration;
			buildSettings = {
				ALWAYS_EMBED_SWIFT_STANDARD_LIBRARIES = YES;
				BUNDLE_LOADER = "$(TEST_HOST)";
				INFOPLIST_FILE = trapAdvisorTests/Info.plist;
				LD_RUNPATH_SEARCH_PATHS = "$(inherited) @executable_path/Frameworks @loader_path/Frameworks";
				PRODUCT_BUNDLE_IDENTIFIER = Springer.trapAdvisorTests;
				PRODUCT_NAME = "$(TARGET_NAME)";
				SWIFT_VERSION = 3.0;
				TEST_HOST = "$(BUILT_PRODUCTS_DIR)/trapAdvisor.app/trapAdvisor";
			};
			name = Debug;
		};
		EECD21171EF10EC600FEDAE7 /* Release */ = {
			isa = XCBuildConfiguration;
			buildSettings = {
				ALWAYS_EMBED_SWIFT_STANDARD_LIBRARIES = YES;
				BUNDLE_LOADER = "$(TEST_HOST)";
				INFOPLIST_FILE = trapAdvisorTests/Info.plist;
				LD_RUNPATH_SEARCH_PATHS = "$(inherited) @executable_path/Frameworks @loader_path/Frameworks";
				PRODUCT_BUNDLE_IDENTIFIER = Springer.trapAdvisorTests;
				PRODUCT_NAME = "$(TARGET_NAME)";
				SWIFT_VERSION = 3.0;
				TEST_HOST = "$(BUILT_PRODUCTS_DIR)/trapAdvisor.app/trapAdvisor";
			};
			name = Release;
		};
/* End XCBuildConfiguration section */

/* Begin XCConfigurationList section */
		EECD20F01EF10EC600FEDAE7 /* Build configuration list for PBXProject "trapAdvisor" */ = {
			isa = XCConfigurationList;
			buildConfigurations = (
				EECD21101EF10EC600FEDAE7 /* Debug */,
				EECD21111EF10EC600FEDAE7 /* Release */,
			);
			defaultConfigurationIsVisible = 0;
			defaultConfigurationName = Release;
		};
		EECD21121EF10EC600FEDAE7 /* Build configuration list for PBXNativeTarget "trapAdvisor" */ = {
			isa = XCConfigurationList;
			buildConfigurations = (
				EECD21131EF10EC600FEDAE7 /* Debug */,
				EECD21141EF10EC600FEDAE7 /* Release */,
			);
			defaultConfigurationIsVisible = 0;
			defaultConfigurationName = Release;
		};
		EECD21151EF10EC600FEDAE7 /* Build configuration list for PBXNativeTarget "trapAdvisorTests" */ = {
			isa = XCConfigurationList;
			buildConfigurations = (
				EECD21161EF10EC600FEDAE7 /* Debug */,
				EECD21171EF10EC600FEDAE7 /* Release */,
			);
			defaultConfigurationIsVisible = 0;
			defaultConfigurationName = Release;
		};
/* End XCConfigurationList section */
	};
	rootObject = EECD20ED1EF10EC600FEDAE7 /* Project object */;
}
